
Microsoft Visual Studio Solution File, Format Version 12.00
# Visual Studio Version 17
VisualStudioVersion = 17.0.31903.59
MinimumVisualStudioVersion = 10.0.40219.1
Project("{8BC9CEB8-8B4A-11D0-8D11-00A0C91BC942}") = "compressor", "compressor\compressor.vcxproj", "{F36BFFA2-A871-4D40-9267-1B5FB15075CB}"
EndProject
Project("{8BC9CEB8-8B4A-11D0-8D11-00A0C91BC942}") = "alg-test", "alg-test\alg-test.vcxproj", "{A4B010DB-4815-4651-820A-BC96D718F9D2}"
EndProject
Project("{8BC9CEB8-8B4A-11D0-8D11-00A0C91BC942}") = "affix-base", "..\affix-base\affix-base\affix-base.vcxproj", "{7B4BFEE2-AC81-40CE-A365-529CFC1111B3}"
EndProject
Project("{8BC9CEB8-8B4A-11D0-8D11-00A0C91BC942}") = "cryptlib", "..\affix-base\cryptopp\cryptlib.vcxproj", "{C39F4B46-6E89-4074-902E-CA57073044D2}"
EndProject
Global
	GlobalSection(SolutionConfigurationPlatforms) = preSolution
		Debug|x64 = Debug|x64
		Debug|x86 = Debug|x86
		DLL-Import Debug|x64 = DLL-Import Debug|x64
		DLL-Import Debug|x86 = DLL-Import Debug|x86
		DLL-Import Release|x64 = DLL-Import Release|x64
		DLL-Import Release|x86 = DLL-Import Release|x86
		Release|x64 = Release|x64
		Release|x86 = Release|x86
		Standalone Debug|x64 = Standalone Debug|x64
		Standalone Debug|x86 = Standalone Debug|x86
		Standalone Release|x64 = Standalone Release|x64
		Standalone Release|x86 = Standalone Release|x86
	EndGlobalSection
	GlobalSection(ProjectConfigurationPlatforms) = postSolution
		{F36BFFA2-A871-4D40-9267-1B5FB15075CB}.Debug|x64.ActiveCfg = Debug|x64
		{F36BFFA2-A871-4D40-9267-1B5FB15075CB}.Debug|x64.Build.0 = Debug|x64
		{F36BFFA2-A871-4D40-9267-1B5FB15075CB}.Debug|x86.ActiveCfg = Debug|Win32
		{F36BFFA2-A871-4D40-9267-1B5FB15075CB}.Debug|x86.Build.0 = Debug|Win32
		{F36BFFA2-A871-4D40-9267-1B5FB15075CB}.DLL-Import Debug|x64.ActiveCfg = Debug|x64
		{F36BFFA2-A871-4D40-9267-1B5FB15075CB}.DLL-Import Debug|x64.Build.0 = Debug|x64
		{F36BFFA2-A871-4D40-9267-1B5FB15075CB}.DLL-Import Debug|x86.ActiveCfg = Debug|Win32
		{F36BFFA2-A871-4D40-9267-1B5FB15075CB}.DLL-Import Debug|x86.Build.0 = Debug|Win32
		{F36BFFA2-A871-4D40-9267-1B5FB15075CB}.DLL-Import Release|x64.ActiveCfg = Release|x64
		{F36BFFA2-A871-4D40-9267-1B5FB15075CB}.DLL-Import Release|x64.Build.0 = Release|x64
		{F36BFFA2-A871-4D40-9267-1B5FB15075CB}.DLL-Import Release|x86.ActiveCfg = Release|Win32
		{F36BFFA2-A871-4D40-9267-1B5FB15075CB}.DLL-Import Release|x86.Build.0 = Release|Win32
		{F36BFFA2-A871-4D40-9267-1B5FB15075CB}.Release|x64.ActiveCfg = Release|x64
		{F36BFFA2-A871-4D40-9267-1B5FB15075CB}.Release|x64.Build.0 = Release|x64
		{F36BFFA2-A871-4D40-9267-1B5FB15075CB}.Release|x86.ActiveCfg = Release|Win32
		{F36BFFA2-A871-4D40-9267-1B5FB15075CB}.Release|x86.Build.0 = Release|Win32
		{F36BFFA2-A871-4D40-9267-1B5FB15075CB}.Standalone Debug|x64.ActiveCfg = Debug|x64
		{F36BFFA2-A871-4D40-9267-1B5FB15075CB}.Standalone Debug|x64.Build.0 = Debug|x64
		{F36BFFA2-A871-4D40-9267-1B5FB15075CB}.Standalone Debug|x86.ActiveCfg = Debug|Win32
		{F36BFFA2-A871-4D40-9267-1B5FB15075CB}.Standalone Debug|x86.Build.0 = Debug|Win32
		{F36BFFA2-A871-4D40-9267-1B5FB15075CB}.Standalone Release|x64.ActiveCfg = Release|x64
		{F36BFFA2-A871-4D40-9267-1B5FB15075CB}.Standalone Release|x64.Build.0 = Release|x64
		{F36BFFA2-A871-4D40-9267-1B5FB15075CB}.Standalone Release|x86.ActiveCfg = Release|Win32
		{F36BFFA2-A871-4D40-9267-1B5FB15075CB}.Standalone Release|x86.Build.0 = Release|Win32
		{A4B010DB-4815-4651-820A-BC96D718F9D2}.Debug|x64.ActiveCfg = Debug|x64
		{A4B010DB-4815-4651-820A-BC96D718F9D2}.Debug|x64.Build.0 = Debug|x64
		{A4B010DB-4815-4651-820A-BC96D718F9D2}.Debug|x86.ActiveCfg = Debug|Win32
		{A4B010DB-4815-4651-820A-BC96D718F9D2}.Debug|x86.Build.0 = Debug|Win32
		{A4B010DB-4815-4651-820A-BC96D718F9D2}.DLL-Import Debug|x64.ActiveCfg = Debug|x64
		{A4B010DB-4815-4651-820A-BC96D718F9D2}.DLL-Import Debug|x64.Build.0 = Debug|x64
		{A4B010DB-4815-4651-820A-BC96D718F9D2}.DLL-Import Debug|x86.ActiveCfg = Debug|Win32
		{A4B010DB-4815-4651-820A-BC96D718F9D2}.DLL-Import Debug|x86.Build.0 = Debug|Win32
		{A4B010DB-4815-4651-820A-BC96D718F9D2}.DLL-Import Release|x64.ActiveCfg = Release|x64
		{A4B010DB-4815-4651-820A-BC96D718F9D2}.DLL-Import Release|x64.Build.0 = Release|x64
		{A4B010DB-4815-4651-820A-BC96D718F9D2}.DLL-Import Release|x86.ActiveCfg = Release|Win32
		{A4B010DB-4815-4651-820A-BC96D718F9D2}.DLL-Import Release|x86.Build.0 = Release|Win32
		{A4B010DB-4815-4651-820A-BC96D718F9D2}.Release|x64.ActiveCfg = Release|x64
		{A4B010DB-4815-4651-820A-BC96D718F9D2}.Release|x64.Build.0 = Release|x64
		{A4B010DB-4815-4651-820A-BC96D718F9D2}.Release|x86.ActiveCfg = Release|Win32
		{A4B010DB-4815-4651-820A-BC96D718F9D2}.Release|x86.Build.0 = Release|Win32
		{A4B010DB-4815-4651-820A-BC96D718F9D2}.Standalone Debug|x64.ActiveCfg = Debug|x64
		{A4B010DB-4815-4651-820A-BC96D718F9D2}.Standalone Debug|x64.Build.0 = Debug|x64
		{A4B010DB-4815-4651-820A-BC96D718F9D2}.Standalone Debug|x86.ActiveCfg = Debug|Win32
		{A4B010DB-4815-4651-820A-BC96D718F9D2}.Standalone Debug|x86.Build.0 = Debug|Win32
		{A4B010DB-4815-4651-820A-BC96D718F9D2}.Standalone Release|x64.ActiveCfg = Release|x64
		{A4B010DB-4815-4651-820A-BC96D718F9D2}.Standalone Release|x64.Build.0 = Release|x64
		{A4B010DB-4815-4651-820A-BC96D718F9D2}.Standalone Release|x86.ActiveCfg = Release|Win32
		{A4B010DB-4815-4651-820A-BC96D718F9D2}.Standalone Release|x86.Build.0 = Release|Win32
		{7B4BFEE2-AC81-40CE-A365-529CFC1111B3}.Debug|x64.ActiveCfg = Debug|x64
		{7B4BFEE2-AC81-40CE-A365-529CFC1111B3}.Debug|x64.Build.0 = Debug|x64
		{7B4BFEE2-AC81-40CE-A365-529CFC1111B3}.Debug|x86.ActiveCfg = Debug|Win32
		{7B4BFEE2-AC81-40CE-A365-529CFC1111B3}.Debug|x86.Build.0 = Debug|Win32
		{7B4BFEE2-AC81-40CE-A365-529CFC1111B3}.DLL-Import Debug|x64.ActiveCfg = Debug|x64
		{7B4BFEE2-AC81-40CE-A365-529CFC1111B3}.DLL-Import Debug|x64.Build.0 = Debug|x64
		{7B4BFEE2-AC81-40CE-A365-529CFC1111B3}.DLL-Import Debug|x86.ActiveCfg = Debug|Win32
		{7B4BFEE2-AC81-40CE-A365-529CFC1111B3}.DLL-Import Debug|x86.Build.0 = Debug|Win32
		{7B4BFEE2-AC81-40CE-A365-529CFC1111B3}.DLL-Import Release|x64.ActiveCfg = Release|x64
		{7B4BFEE2-AC81-40CE-A365-529CFC1111B3}.DLL-Import Release|x64.Build.0 = Release|x64
		{7B4BFEE2-AC81-40CE-A365-529CFC1111B3}.DLL-Import Release|x86.ActiveCfg = Release|Win32
		{7B4BFEE2-AC81-40CE-A365-529CFC1111B3}.DLL-Import Release|x86.Build.0 = Release|Win32
		{7B4BFEE2-AC81-40CE-A365-529CFC1111B3}.Release|x64.ActiveCfg = Release|x64
		{7B4BFEE2-AC81-40CE-A365-529CFC1111B3}.Release|x64.Build.0 = Release|x64
		{7B4BFEE2-AC81-40CE-A365-529CFC1111B3}.Release|x86.ActiveCfg = Release|Win32
		{7B4BFEE2-AC81-40CE-A365-529CFC1111B3}.Release|x86.Build.0 = Release|Win32
		{7B4BFEE2-AC81-40CE-A365-529CFC1111B3}.Standalone Debug|x64.ActiveCfg = Standalone Debug|x64
		{7B4BFEE2-AC81-40CE-A365-529CFC1111B3}.Standalone Debug|x64.Build.0 = Standalone Debug|x64
		{7B4BFEE2-AC81-40CE-A365-529CFC1111B3}.Standalone Debug|x86.ActiveCfg = Standalone Debug|Win32
		{7B4BFEE2-AC81-40CE-A365-529CFC1111B3}.Standalone Debug|x86.Build.0 = Standalone Debug|Win32
		{7B4BFEE2-AC81-40CE-A365-529CFC1111B3}.Standalone Release|x64.ActiveCfg = Standalone Release|x64
		{7B4BFEE2-AC81-40CE-A365-529CFC1111B3}.Standalone Release|x64.Build.0 = Standalone Release|x64
		{7B4BFEE2-AC81-40CE-A365-529CFC1111B3}.Standalone Release|x86.ActiveCfg = Standalone Release|Win32
		{7B4BFEE2-AC81-40CE-A365-529CFC1111B3}.Standalone Release|x86.Build.0 = Standalone Release|Win32
		{C39F4B46-6E89-4074-902E-CA57073044D2}.Debug|x64.ActiveCfg = Debug|x64
		{C39F4B46-6E89-4074-902E-CA57073044D2}.Debug|x64.Build.0 = Debug|x64
		{C39F4B46-6E89-4074-902E-CA57073044D2}.Debug|x86.ActiveCfg = Debug|Win32
		{C39F4B46-6E89-4074-902E-CA57073044D2}.Debug|x86.Build.0 = Debug|Win32
		{C39F4B46-6E89-4074-902E-CA57073044D2}.DLL-Import Debug|x64.ActiveCfg = DLL-Import Debug|x64
		{C39F4B46-6E89-4074-902E-CA57073044D2}.DLL-Import Debug|x64.Build.0 = DLL-Import Debug|x64
		{C39F4B46-6E89-4074-902E-CA57073044D2}.DLL-Import Debug|x86.ActiveCfg = DLL-Import Debug|Win32
		{C39F4B46-6E89-4074-902E-CA57073044D2}.DLL-Import Debug|x86.Build.0 = DLL-Import Debug|Win32
		{C39F4B46-6E89-4074-902E-CA57073044D2}.DLL-Import Release|x64.ActiveCfg = DLL-Import Release|x64
		{C39F4B46-6E89-4074-902E-CA57073044D2}.DLL-Import Release|x64.Build.0 = DLL-Import Release|x64
		{C39F4B46-6E89-4074-902E-CA57073044D2}.DLL-Import Release|x86.ActiveCfg = DLL-Import Release|Win32
		{C39F4B46-6E89-4074-902E-CA57073044D2}.DLL-Import Release|x86.Build.0 = DLL-Import Release|Win32
		{C39F4B46-6E89-4074-902E-CA57073044D2}.Release|x64.ActiveCfg = Release|x64
		{C39F4B46-6E89-4074-902E-CA57073044D2}.Release|x64.Build.0 = Release|x64
		{C39F4B46-6E89-4074-902E-CA57073044D2}.Release|x86.ActiveCfg = Release|Win32
		{C39F4B46-6E89-4074-902E-CA57073044D2}.Release|x86.Build.0 = Release|Win32
		{C39F4B46-6E89-4074-902E-CA57073044D2}.Standalone Debug|x64.ActiveCfg = Debug|x64
		{C39F4B46-6E89-4074-902E-CA57073044D2}.Standalone Debug|x64.Build.0 = Debug|x64
		{C39F4B46-6E89-4074-902E-CA57073044D2}.Standalone Debug|x86.ActiveCfg = Debug|Win32
		{C39F4B46-6E89-4074-902E-CA57073044D2}.Standalone Debug|x86.Build.0 = Debug|Win32
		{C39F4B46-6E89-4074-902E-CA57073044D2}.Standalone Release|x64.ActiveCfg = Release|x64
		{C39F4B46-6E89-4074-902E-CA57073044D2}.Standalone Release|x64.Build.0 = Release|x64
		{C39F4B46-6E89-4074-902E-CA57073044D2}.Standalone Release|x86.ActiveCfg = Release|Win32
		{C39F4B46-6E89-4074-902E-CA57073044D2}.Standalone Release|x86.Build.0 = Release|Win32
	EndGlobalSection
	GlobalSection(SolutionProperties) = preSolution
		HideSolutionNode = FALSE
	EndGlobalSection
	GlobalSection(ExtensibilityGlobals) = postSolution
		SolutionGuid = {00039085-27E7-400C-B320-43C10E827447}
	EndGlobalSection
EndGlobal
